
Microsoft Visual Studio Solution File, Format Version 12.00
Project("{FAE04EC0-301F-11D3-BF4B-00C04F79EFBC}") = "TreeSort", "TreeSort\TreeSort.csproj", "{D953F564-BFC0-4FA3-BDD8-245FAF45E972}"
EndProject
Project("{FAE04EC0-301F-11D3-BF4B-00C04F79EFBC}") = "TreeSortTests", "TreeSortTests\TreeSortTests.csproj", "{2FD1C3F7-8784-4C46-BF65-8171B2C024B0}"
EndProject
Global
	GlobalSection(SolutionConfigurationPlatforms) = preSolution
		Debug|Any CPU = Debug|Any CPU
		Release|Any CPU = Release|Any CPU
	EndGlobalSection
	GlobalSection(ProjectConfigurationPlatforms) = postSolution
		{D953F564-BFC0-4FA3-BDD8-245FAF45E972}.Debug|Any CPU.ActiveCfg = Debug|Any CPU
		{D953F564-BFC0-4FA3-BDD8-245FAF45E972}.Debug|Any CPU.Build.0 = Debug|Any CPU
		{D953F564-BFC0-4FA3-BDD8-245FAF45E972}.Release|Any CPU.ActiveCfg = Release|Any CPU
		{D953F564-BFC0-4FA3-BDD8-245FAF45E972}.Release|Any CPU.Build.0 = Release|Any CPU
		{2FD1C3F7-8784-4C46-BF65-8171B2C024B0}.Debug|Any CPU.ActiveCfg = Debug|Any CPU
		{2FD1C3F7-8784-4C46-BF65-8171B2C024B0}.Debug|Any CPU.Build.0 = Debug|Any CPU
		{2FD1C3F7-8784-4C46-BF65-8171B2C024B0}.Release|Any CPU.ActiveCfg = Release|Any CPU
		{2FD1C3F7-8784-4C46-BF65-8171B2C024B0}.Release|Any CPU.Build.0 = Release|Any CPU
	EndGlobalSection
EndGlobal
